
Microsoft Visual Studio Solution File, Format Version 12.00
# Visual Studio Version 16
VisualStudioVersion = 16.0.31729.503
MinimumVisualStudioVersion = 10.0.40219.1
Project("{8BC9CEB8-8B4A-11D0-8D11-00A0C91BC942}") = "Practice", "Practice\Practice.vcxproj", "{4BD80EF3-39D0-4879-9953-7427F43D3FAE}"
EndProject
Global
	GlobalSection(SolutionConfigurationPlatforms) = preSolution
		Debug|x64 = Debug|x64
		Debug|x86 = Debug|x86
		Release|x64 = Release|x64
		Release|x86 = Release|x86
	EndGlobalSection
	GlobalSection(ProjectConfigurationPlatforms) = postSolution
		{4BD80EF3-39D0-4879-9953-7427F43D3FAE}.Debug|x64.ActiveCfg = Debug|x64
		{4BD80EF3-39D0-4879-9953-7427F43D3FAE}.Debug|x64.Build.0 = Debug|x64
		{4BD80EF3-39D0-4879-9953-7427F43D3FAE}.Debug|x86.ActiveCfg = Debug|Win32
		{4BD80EF3-39D0-4879-9953-7427F43D3FAE}.Debug|x86.Build.0 = Debug|Win32
		{4BD80EF3-39D0-4879-9953-7427F43D3FAE}.Release|x64.ActiveCfg = Release|x64
		{4BD80EF3-39D0-4879-9953-7427F43D3FAE}.Release|x64.Build.0 = Release|x64
		{4BD80EF3-39D0-4879-9953-7427F43D3FAE}.Release|x86.ActiveCfg = Release|Win32
		{4BD80EF3-39D0-4879-9953-7427F43D3FAE}.Release|x86.Build.0 = Release|Win32
	EndGlobalSection
	GlobalSection(SolutionProperties) = preSolution
		HideSolutionNode = FALSE
	EndGlobalSection
	GlobalSection(ExtensibilityGlobals) = postSolution
		SolutionGuid = {F30A7A08-7B87-4F43-8988-6FFF8C790121}
	EndGlobalSection
EndGlobal
